// !$*UTF8*$!
{
	archiveVersion = 1;
	classes = {
	};
	objectVersion = 56;
	objects = {

/* Begin PBXBuildFile section */
		630C19772B33262900A00CD1 /* ScrumTimer.swift in Sources */ = {isa = PBXBuildFile; fileRef = 630C19762B33262900A00CD1 /* ScrumTimer.swift */; };
		630C19792B3327FD00A00CD1 /* MeetingFooterView.swift in Sources */ = {isa = PBXBuildFile; fileRef = 630C19782B3327FD00A00CD1 /* MeetingFooterView.swift */; };
		630C197B2B332E9500A00CD1 /* AVPlayer+Ding.swift in Sources */ = {isa = PBXBuildFile; fileRef = 630C197A2B332E9500A00CD1 /* AVPlayer+Ding.swift */; };
		630C197E2B332EE600A00CD1 /* ding.wav in Resources */ = {isa = PBXBuildFile; fileRef = 630C197D2B332EE600A00CD1 /* ding.wav */; };
		630C19802B3339F500A00CD1 /* NewScrumSheet.swift in Sources */ = {isa = PBXBuildFile; fileRef = 630C197F2B3339F500A00CD1 /* NewScrumSheet.swift */; };
		630C19822B333E4400A00CD1 /* History.swift in Sources */ = {isa = PBXBuildFile; fileRef = 630C19812B333E4400A00CD1 /* History.swift */; };
		632533A42B344C8F008D9CE4 /* ScrumStore.swift in Sources */ = {isa = PBXBuildFile; fileRef = 632533A32B344C8F008D9CE4 /* ScrumStore.swift */; };
		632533A62B3461FB008D9CE4 /* ErrorWrapper.swift in Sources */ = {isa = PBXBuildFile; fileRef = 632533A52B3461FB008D9CE4 /* ErrorWrapper.swift */; };
		632533A82B3462E3008D9CE4 /* ErrorView.swift in Sources */ = {isa = PBXBuildFile; fileRef = 632533A72B3462E3008D9CE4 /* ErrorView.swift */; };
		632533AA2B347EA9008D9CE4 /* MeetingTimerView.swift in Sources */ = {isa = PBXBuildFile; fileRef = 632533A92B347EA9008D9CE4 /* MeetingTimerView.swift */; };
		632533AD2B34834B008D9CE4 /* SpeakerArc.swift in Sources */ = {isa = PBXBuildFile; fileRef = 632533AC2B34834B008D9CE4 /* SpeakerArc.swift */; };
		635B0C992B320A3400989019 /* DetailEditView.swift in Sources */ = {isa = PBXBuildFile; fileRef = 635B0C982B320A3400989019 /* DetailEditView.swift */; };
		635B0C9B2B323CF400989019 /* ThemeView.swift in Sources */ = {isa = PBXBuildFile; fileRef = 635B0C9A2B323CF400989019 /* ThemeView.swift */; };
		635B0C9D2B3241E500989019 /* ThemePicker.swift in Sources */ = {isa = PBXBuildFile; fileRef = 635B0C9C2B3241E500989019 /* ThemePicker.swift */; };
		63BFF20D2B33065C0082FA56 /* MeetingHeaderView.swift in Sources */ = {isa = PBXBuildFile; fileRef = 63BFF20C2B33065C0082FA56 /* MeetingHeaderView.swift */; };
		63BFF20F2B330A840082FA56 /* ScrumProgressViewStyle.swift in Sources */ = {isa = PBXBuildFile; fileRef = 63BFF20E2B330A840082FA56 /* ScrumProgressViewStyle.swift */; };
		63F930EB2B30A781000FEDE3 /* ScrumdingerApp.swift in Sources */ = {isa = PBXBuildFile; fileRef = 63F930EA2B30A781000FEDE3 /* ScrumdingerApp.swift */; };
		63F930ED2B30A781000FEDE3 /* MeetingView.swift in Sources */ = {isa = PBXBuildFile; fileRef = 63F930EC2B30A781000FEDE3 /* MeetingView.swift */; };
		63F930EF2B30A785000FEDE3 /* Assets.xcassets in Resources */ = {isa = PBXBuildFile; fileRef = 63F930EE2B30A785000FEDE3 /* Assets.xcassets */; };
		63F930F22B30A785000FEDE3 /* Preview Assets.xcassets in Resources */ = {isa = PBXBuildFile; fileRef = 63F930F12B30A785000FEDE3 /* Preview Assets.xcassets */; };
		63F930FA2B30B3DB000FEDE3 /* Theme.swift in Sources */ = {isa = PBXBuildFile; fileRef = 63F930F92B30B3DB000FEDE3 /* Theme.swift */; };
		63F930FC2B30B72A000FEDE3 /* DailyScrum.swift in Sources */ = {isa = PBXBuildFile; fileRef = 63F930FB2B30B72A000FEDE3 /* DailyScrum.swift */; };
		63F931002B30B8DF000FEDE3 /* CardView.swift in Sources */ = {isa = PBXBuildFile; fileRef = 63F930FF2B30B8DF000FEDE3 /* CardView.swift */; };
		63F931022B30C16B000FEDE3 /* TrailingIconLabelStyle.swift in Sources */ = {isa = PBXBuildFile; fileRef = 63F931012B30C16A000FEDE3 /* TrailingIconLabelStyle.swift */; };
		63F931042B30EACD000FEDE3 /* ScrumsView.swift in Sources */ = {isa = PBXBuildFile; fileRef = 63F931032B30EACD000FEDE3 /* ScrumsView.swift */; };
		63F931072B30F341000FEDE3 /* DetailView.swift in Sources */ = {isa = PBXBuildFile; fileRef = 63F931062B30F341000FEDE3 /* DetailView.swift */; };
/* End PBXBuildFile section */

/* Begin PBXFileReference section */
		630C19762B33262900A00CD1 /* ScrumTimer.swift */ = {isa = PBXFileReference; lastKnownFileType = sourcecode.swift; path = ScrumTimer.swift; sourceTree = "<group>"; };
		630C19782B3327FD00A00CD1 /* MeetingFooterView.swift */ = {isa = PBXFileReference; lastKnownFileType = sourcecode.swift; path = MeetingFooterView.swift; sourceTree = "<group>"; };
		630C197A2B332E9500A00CD1 /* AVPlayer+Ding.swift */ = {isa = PBXFileReference; lastKnownFileType = sourcecode.swift; path = "AVPlayer+Ding.swift"; sourceTree = "<group>"; };
		630C197D2B332EE600A00CD1 /* ding.wav */ = {isa = PBXFileReference; lastKnownFileType = audio.wav; path = ding.wav; sourceTree = "<group>"; };
		630C197F2B3339F500A00CD1 /* NewScrumSheet.swift */ = {isa = PBXFileReference; lastKnownFileType = sourcecode.swift; path = NewScrumSheet.swift; sourceTree = "<group>"; };
		630C19812B333E4400A00CD1 /* History.swift */ = {isa = PBXFileReference; lastKnownFileType = sourcecode.swift; path = History.swift; sourceTree = "<group>"; };
		632533A32B344C8F008D9CE4 /* ScrumStore.swift */ = {isa = PBXFileReference; lastKnownFileType = sourcecode.swift; path = ScrumStore.swift; sourceTree = "<group>"; };
		632533A52B3461FB008D9CE4 /* ErrorWrapper.swift */ = {isa = PBXFileReference; lastKnownFileType = sourcecode.swift; path = ErrorWrapper.swift; sourceTree = "<group>"; };
		632533A72B3462E3008D9CE4 /* ErrorView.swift */ = {isa = PBXFileReference; lastKnownFileType = sourcecode.swift; path = ErrorView.swift; sourceTree = "<group>"; };
		632533A92B347EA9008D9CE4 /* MeetingTimerView.swift */ = {isa = PBXFileReference; lastKnownFileType = sourcecode.swift; path = MeetingTimerView.swift; sourceTree = "<group>"; };
		632533AC2B34834B008D9CE4 /* SpeakerArc.swift */ = {isa = PBXFileReference; lastKnownFileType = sourcecode.swift; path = SpeakerArc.swift; sourceTree = "<group>"; };
		635B0C982B320A3400989019 /* DetailEditView.swift */ = {isa = PBXFileReference; lastKnownFileType = sourcecode.swift; path = DetailEditView.swift; sourceTree = "<group>"; };
		635B0C9A2B323CF400989019 /* ThemeView.swift */ = {isa = PBXFileReference; lastKnownFileType = sourcecode.swift; path = ThemeView.swift; sourceTree = "<group>"; };
		635B0C9C2B3241E500989019 /* ThemePicker.swift */ = {isa = PBXFileReference; lastKnownFileType = sourcecode.swift; path = ThemePicker.swift; sourceTree = "<group>"; };
		63BFF20C2B33065C0082FA56 /* MeetingHeaderView.swift */ = {isa = PBXFileReference; lastKnownFileType = sourcecode.swift; path = MeetingHeaderView.swift; sourceTree = "<group>"; };
		63BFF20E2B330A840082FA56 /* ScrumProgressViewStyle.swift */ = {isa = PBXFileReference; lastKnownFileType = sourcecode.swift; path = ScrumProgressViewStyle.swift; sourceTree = "<group>"; };
		63F930E72B30A781000FEDE3 /* Scrumdinger.app */ = {isa = PBXFileReference; explicitFileType = wrapper.application; includeInIndex = 0; path = Scrumdinger.app; sourceTree = BUILT_PRODUCTS_DIR; };
		63F930EA2B30A781000FEDE3 /* ScrumdingerApp.swift */ = {isa = PBXFileReference; lastKnownFileType = sourcecode.swift; path = ScrumdingerApp.swift; sourceTree = "<group>"; };
		63F930EC2B30A781000FEDE3 /* MeetingView.swift */ = {isa = PBXFileReference; lastKnownFileType = sourcecode.swift; path = MeetingView.swift; sourceTree = "<group>"; };
		63F930EE2B30A785000FEDE3 /* Assets.xcassets */ = {isa = PBXFileReference; lastKnownFileType = folder.assetcatalog; path = Assets.xcassets; sourceTree = "<group>"; };
		63F930F12B30A785000FEDE3 /* Preview Assets.xcassets */ = {isa = PBXFileReference; lastKnownFileType = folder.assetcatalog; path = "Preview Assets.xcassets"; sourceTree = "<group>"; };
		63F930F92B30B3DB000FEDE3 /* Theme.swift */ = {isa = PBXFileReference; lastKnownFileType = sourcecode.swift; path = Theme.swift; sourceTree = "<group>"; };
		63F930FB2B30B72A000FEDE3 /* DailyScrum.swift */ = {isa = PBXFileReference; lastKnownFileType = sourcecode.swift; path = DailyScrum.swift; sourceTree = "<group>"; };
		63F930FF2B30B8DF000FEDE3 /* CardView.swift */ = {isa = PBXFileReference; lastKnownFileType = sourcecode.swift; path = CardView.swift; sourceTree = "<group>"; };
		63F931012B30C16A000FEDE3 /* TrailingIconLabelStyle.swift */ = {isa = PBXFileReference; lastKnownFileType = sourcecode.swift; path = TrailingIconLabelStyle.swift; sourceTree = "<group>"; };
		63F931032B30EACD000FEDE3 /* ScrumsView.swift */ = {isa = PBXFileReference; lastKnownFileType = sourcecode.swift; path = ScrumsView.swift; sourceTree = "<group>"; };
		63F931062B30F341000FEDE3 /* DetailView.swift */ = {isa = PBXFileReference; lastKnownFileType = sourcecode.swift; path = DetailView.swift; sourceTree = "<group>"; };
/* End PBXFileReference section */

/* Begin PBXFrameworksBuildPhase section */
		63F930E42B30A781000FEDE3 /* Frameworks */ = {
			isa = PBXFrameworksBuildPhase;
			buildActionMask = 2147483647;
			files = (
			);
			runOnlyForDeploymentPostprocessing = 0;
		};
/* End PBXFrameworksBuildPhase section */

/* Begin PBXGroup section */
		630C197C2B332EB700A00CD1 /* Resources */ = {
			isa = PBXGroup;
			children = (
				630C197D2B332EE600A00CD1 /* ding.wav */,
			);
			path = Resources;
			sourceTree = "<group>";
		};
		632533AB2B347EB4008D9CE4 /* Meeting Views */ = {
			isa = PBXGroup;
			children = (
				63F930EC2B30A781000FEDE3 /* MeetingView.swift */,
				63BFF20C2B33065C0082FA56 /* MeetingHeaderView.swift */,
				630C19782B3327FD00A00CD1 /* MeetingFooterView.swift */,
				632533A92B347EA9008D9CE4 /* MeetingTimerView.swift */,
			);
			path = "Meeting Views";
			sourceTree = "<group>";
		};
		63F930DE2B30A781000FEDE3 = {
			isa = PBXGroup;
			children = (
				63F930E92B30A781000FEDE3 /* Scrumdinger */,
				63F930E82B30A781000FEDE3 /* Products */,
			);
			sourceTree = "<group>";
		};
		63F930E82B30A781000FEDE3 /* Products */ = {
			isa = PBXGroup;
			children = (
				63F930E72B30A781000FEDE3 /* Scrumdinger.app */,
			);
			name = Products;
			sourceTree = "<group>";
		};
		63F930E92B30A781000FEDE3 /* Scrumdinger */ = {
			isa = PBXGroup;
			children = (
				63F930EA2B30A781000FEDE3 /* ScrumdingerApp.swift */,
				63F930F82B30B3A1000FEDE3 /* Models */,
				63F931052B30F2FD000FEDE3 /* Views */,
				630C197C2B332EB700A00CD1 /* Resources */,
				63F930EE2B30A785000FEDE3 /* Assets.xcassets */,
				63F930F02B30A785000FEDE3 /* Preview Content */,
			);
			path = Scrumdinger;
			sourceTree = "<group>";
		};
		63F930F02B30A785000FEDE3 /* Preview Content */ = {
			isa = PBXGroup;
			children = (
				63F930F12B30A785000FEDE3 /* Preview Assets.xcassets */,
			);
			path = "Preview Content";
			sourceTree = "<group>";
		};
		63F930F82B30B3A1000FEDE3 /* Models */ = {
			isa = PBXGroup;
			children = (
				63F930F92B30B3DB000FEDE3 /* Theme.swift */,
				63F930FB2B30B72A000FEDE3 /* DailyScrum.swift */,
				630C19762B33262900A00CD1 /* ScrumTimer.swift */,
				630C197A2B332E9500A00CD1 /* AVPlayer+Ding.swift */,
				630C19812B333E4400A00CD1 /* History.swift */,
				632533A32B344C8F008D9CE4 /* ScrumStore.swift */,
				632533A52B3461FB008D9CE4 /* ErrorWrapper.swift */,
			);
			path = Models;
			sourceTree = "<group>";
		};
		63F931052B30F2FD000FEDE3 /* Views */ = {
			isa = PBXGroup;
			children = (
				632533AB2B347EB4008D9CE4 /* Meeting Views */,
				63F930FF2B30B8DF000FEDE3 /* CardView.swift */,
				63F931032B30EACD000FEDE3 /* ScrumsView.swift */,
				63F931062B30F341000FEDE3 /* DetailView.swift */,
				635B0C982B320A3400989019 /* DetailEditView.swift */,
				635B0C9A2B323CF400989019 /* ThemeView.swift */,
				635B0C9C2B3241E500989019 /* ThemePicker.swift */,
				63BFF20E2B330A840082FA56 /* ScrumProgressViewStyle.swift */,
				63F931012B30C16A000FEDE3 /* TrailingIconLabelStyle.swift */,
				630C197F2B3339F500A00CD1 /* NewScrumSheet.swift */,
				632533A72B3462E3008D9CE4 /* ErrorView.swift */,
				632533AC2B34834B008D9CE4 /* SpeakerArc.swift */,
			);
			path = Views;
			sourceTree = "<group>";
		};
/* End PBXGroup section */

/* Begin PBXNativeTarget section */
		63F930E62B30A781000FEDE3 /* Scrumdinger */ = {
			isa = PBXNativeTarget;
			buildConfigurationList = 63F930F52B30A785000FEDE3 /* Build configuration list for PBXNativeTarget "Scrumdinger" */;
			buildPhases = (
				63F930E32B30A781000FEDE3 /* Sources */,
				63F930E42B30A781000FEDE3 /* Frameworks */,
				63F930E52B30A781000FEDE3 /* Resources */,
			);
			buildRules = (
			);
			dependencies = (
			);
			name = Scrumdinger;
			productName = Scrumdinger;
			productReference = 63F930E72B30A781000FEDE3 /* Scrumdinger.app */;
			productType = "com.apple.product-type.application";
		};
/* End PBXNativeTarget section */

/* Begin PBXProject section */
		63F930DF2B30A781000FEDE3 /* Project object */ = {
			isa = PBXProject;
			attributes = {
				BuildIndependentTargetsInParallel = 1;
				LastSwiftUpdateCheck = 1510;
				LastUpgradeCheck = 1510;
				TargetAttributes = {
					63F930E62B30A781000FEDE3 = {
						CreatedOnToolsVersion = 15.1;
					};
				};
			};
			buildConfigurationList = 63F930E22B30A781000FEDE3 /* Build configuration list for PBXProject "Scrumdinger" */;
			compatibilityVersion = "Xcode 14.0";
			developmentRegion = en;
			hasScannedForEncodings = 0;
			knownRegions = (
				en,
				Base,
			);
			mainGroup = 63F930DE2B30A781000FEDE3;
			productRefGroup = 63F930E82B30A781000FEDE3 /* Products */;
			projectDirPath = "";
			projectRoot = "";
			targets = (
				63F930E62B30A781000FEDE3 /* Scrumdinger */,
			);
		};
/* End PBXProject section */

/* Begin PBXResourcesBuildPhase section */
		63F930E52B30A781000FEDE3 /* Resources */ = {
			isa = PBXResourcesBuildPhase;
			buildActionMask = 2147483647;
			files = (
				630C197E2B332EE600A00CD1 /* ding.wav in Resources */,
				63F930F22B30A785000FEDE3 /* Preview Assets.xcassets in Resources */,
				63F930EF2B30A785000FEDE3 /* Assets.xcassets in Resources */,
			);
			runOnlyForDeploymentPostprocessing = 0;
		};
/* End PBXResourcesBuildPhase section */

/* Begin PBXSourcesBuildPhase section */
		63F930E32B30A781000FEDE3 /* Sources */ = {
			isa = PBXSourcesBuildPhase;
			buildActionMask = 2147483647;
			files = (
				630C19822B333E4400A00CD1 /* History.swift in Sources */,
				635B0C9D2B3241E500989019 /* ThemePicker.swift in Sources */,
				63BFF20F2B330A840082FA56 /* ScrumProgressViewStyle.swift in Sources */,
				630C19792B3327FD00A00CD1 /* MeetingFooterView.swift in Sources */,
				632533AD2B34834B008D9CE4 /* SpeakerArc.swift in Sources */,
				632533A82B3462E3008D9CE4 /* ErrorView.swift in Sources */,
				630C19772B33262900A00CD1 /* ScrumTimer.swift in Sources */,
				632533AA2B347EA9008D9CE4 /* MeetingTimerView.swift in Sources */,
				63F930FC2B30B72A000FEDE3 /* DailyScrum.swift in Sources */,
				632533A42B344C8F008D9CE4 /* ScrumStore.swift in Sources */,
				63F931072B30F341000FEDE3 /* DetailView.swift in Sources */,
				632533A62B3461FB008D9CE4 /* ErrorWrapper.swift in Sources */,
				63BFF20D2B33065C0082FA56 /* MeetingHeaderView.swift in Sources */,
				635B0C992B320A3400989019 /* DetailEditView.swift in Sources */,
				630C19802B3339F500A00CD1 /* NewScrumSheet.swift in Sources */,
				63F931022B30C16B000FEDE3 /* TrailingIconLabelStyle.swift in Sources */,
				63F930ED2B30A781000FEDE3 /* MeetingView.swift in Sources */,
				63F931042B30EACD000FEDE3 /* ScrumsView.swift in Sources */,
				63F930FA2B30B3DB000FEDE3 /* Theme.swift in Sources */,
				63F930EB2B30A781000FEDE3 /* ScrumdingerApp.swift in Sources */,
				635B0C9B2B323CF400989019 /* ThemeView.swift in Sources */,
				63F931002B30B8DF000FEDE3 /* CardView.swift in Sources */,
				630C197B2B332E9500A00CD1 /* AVPlayer+Ding.swift in Sources */,
			);
			runOnlyForDeploymentPostprocessing = 0;
		};
/* End PBXSourcesBuildPhase section */

/* Begin XCBuildConfiguration section */
		63F930F32B30A785000FEDE3 /* Debug */ = {
			isa = XCBuildConfiguration;
			buildSettings = {
				ALWAYS_SEARCH_USER_PATHS = NO;
				ASSETCATALOG_COMPILER_GENERATE_SWIFT_ASSET_SYMBOL_EXTENSIONS = YES;
				CLANG_ANALYZER_NONNULL = YES;
				CLANG_ANALYZER_NUMBER_OBJECT_CONVERSION = YES_AGGRESSIVE;
				CLANG_CXX_LANGUAGE_STANDARD = "gnu++20";
				CLANG_ENABLE_MODULES = YES;
				CLANG_ENABLE_OBJC_ARC = YES;
				CLANG_ENABLE_OBJC_WEAK = YES;
				CLANG_WARN_BLOCK_CAPTURE_AUTORELEASING = YES;
				CLANG_WARN_BOOL_CONVERSION = YES;
				CLANG_WARN_COMMA = YES;
				CLANG_WARN_CONSTANT_CONVERSION = YES;
				CLANG_WARN_DEPRECATED_OBJC_IMPLEMENTATIONS = YES;
				CLANG_WARN_DIRECT_OBJC_ISA_USAGE = YES_ERROR;
				CLANG_WARN_DOCUMENTATION_COMMENTS = YES;
				CLANG_WARN_EMPTY_BODY = YES;
				CLANG_WARN_ENUM_CONVERSION = YES;
				CLANG_WARN_INFINITE_RECURSION = YES;
				CLANG_WARN_INT_CONVERSION = YES;
				CLANG_WARN_NON_LITERAL_NULL_CONVERSION = YES;
				CLANG_WARN_OBJC_IMPLICIT_RETAIN_SELF = YES;
				CLANG_WARN_OBJC_LITERAL_CONVERSION = YES;
				CLANG_WARN_OBJC_ROOT_CLASS = YES_ERROR;
				CLANG_WARN_QUOTED_INCLUDE_IN_FRAMEWORK_HEADER = YES;
				CLANG_WARN_RANGE_LOOP_ANALYSIS = YES;
				CLANG_WARN_STRICT_PROTOTYPES = YES;
				CLANG_WARN_SUSPICIOUS_MOVE = YES;
				CLANG_WARN_UNGUARDED_AVAILABILITY = YES_AGGRESSIVE;
				CLANG_WARN_UNREACHABLE_CODE = YES;
				CLANG_WARN__DUPLICATE_METHOD_MATCH = YES;
				COPY_PHASE_STRIP = NO;
				DEBUG_INFORMATION_FORMAT = dwarf;
				ENABLE_STRICT_OBJC_MSGSEND = YES;
				ENABLE_TESTABILITY = YES;
				ENABLE_USER_SCRIPT_SANDBOXING = YES;
				GCC_C_LANGUAGE_STANDARD = gnu17;
				GCC_DYNAMIC_NO_PIC = NO;
				GCC_NO_COMMON_BLOCKS = YES;
				GCC_OPTIMIZATION_LEVEL = 0;
				GCC_PREPROCESSOR_DEFINITIONS = (
					"DEBUG=1",
					"$(inherited)",
				);
				GCC_WARN_64_TO_32_BIT_CONVERSION = YES;
				GCC_WARN_ABOUT_RETURN_TYPE = YES_ERROR;
				GCC_WARN_UNDECLARED_SELECTOR = YES;
				GCC_WARN_UNINITIALIZED_AUTOS = YES_AGGRESSIVE;
				GCC_WARN_UNUSED_FUNCTION = YES;
				GCC_WARN_UNUSED_VARIABLE = YES;
				IPHONEOS_DEPLOYMENT_TARGET = 17.2;
				LOCALIZATION_PREFERS_STRING_CATALOGS = YES;
				MTL_ENABLE_DEBUG_INFO = INCLUDE_SOURCE;
				MTL_FAST_MATH = YES;
				ONLY_ACTIVE_ARCH = YES;
				SDKROOT = iphoneos;
				SWIFT_ACTIVE_COMPILATION_CONDITIONS = "DEBUG $(inherited)";
				SWIFT_OPTIMIZATION_LEVEL = "-Onone";
			};
			name = Debug;
		};
		63F930F42B30A785000FEDE3 /* Release */ = {
			isa = XCBuildConfiguration;
			buildSettings = {
				ALWAYS_SEARCH_USER_PATHS = NO;
				ASSETCATALOG_COMPILER_GENERATE_SWIFT_ASSET_SYMBOL_EXTENSIONS = YES;
				CLANG_ANALYZER_NONNULL = YES;
				CLANG_ANALYZER_NUMBER_OBJECT_CONVERSION = YES_AGGRESSIVE;
				CLANG_CXX_LANGUAGE_STANDARD = "gnu++20";
				CLANG_ENABLE_MODULES = YES;
				CLANG_ENABLE_OBJC_ARC = YES;
				CLANG_ENABLE_OBJC_WEAK = YES;
				CLANG_WARN_BLOCK_CAPTURE_AUTORELEASING = YES;
				CLANG_WARN_BOOL_CONVERSION = YES;
				CLANG_WARN_COMMA = YES;
				CLANG_WARN_CONSTANT_CONVERSION = YES;
				CLANG_WARN_DEPRECATED_OBJC_IMPLEMENTATIONS = YES;
				CLANG_WARN_DIRECT_OBJC_ISA_USAGE = YES_ERROR;
				CLANG_WARN_DOCUMENTATION_COMMENTS = YES;
				CLANG_WARN_EMPTY_BODY = YES;
				CLANG_WARN_ENUM_CONVERSION = YES;
				CLANG_WARN_INFINITE_RECURSION = YES;
				CLANG_WARN_INT_CONVERSION = YES;
				CLANG_WARN_NON_LITERAL_NULL_CONVERSION = YES;
				CLANG_WARN_OBJC_IMPLICIT_RETAIN_SELF = YES;
				CLANG_WARN_OBJC_LITERAL_CONVERSION = YES;
				CLANG_WARN_OBJC_ROOT_CLASS = YES_ERROR;
				CLANG_WARN_QUOTED_INCLUDE_IN_FRAMEWORK_HEADER = YES;
				CLANG_WARN_RANGE_LOOP_ANALYSIS = YES;
				CLANG_WARN_STRICT_PROTOTYPES = YES;
				CLANG_WARN_SUSPICIOUS_MOVE = YES;
				CLANG_WARN_UNGUARDED_AVAILABILITY = YES_AGGRESSIVE;
				CLANG_WARN_UNREACHABLE_CODE = YES;
				CLANG_WARN__DUPLICATE_METHOD_MATCH = YES;
				COPY_PHASE_STRIP = NO;
				DEBUG_INFORMATION_FORMAT = "dwarf-with-dsym";
				ENABLE_NS_ASSERTIONS = NO;
				ENABLE_STRICT_OBJC_MSGSEND = YES;
				ENABLE_USER_SCRIPT_SANDBOXING = YES;
				GCC_C_LANGUAGE_STANDARD = gnu17;
				GCC_NO_COMMON_BLOCKS = YES;
				GCC_WARN_64_TO_32_BIT_CONVERSION = YES;
				GCC_WARN_ABOUT_RETURN_TYPE = YES_ERROR;
				GCC_WARN_UNDECLARED_SELECTOR = YES;
				GCC_WARN_UNINITIALIZED_AUTOS = YES_AGGRESSIVE;
				GCC_WARN_UNUSED_FUNCTION = YES;
				GCC_WARN_UNUSED_VARIABLE = YES;
				IPHONEOS_DEPLOYMENT_TARGET = 17.2;
				LOCALIZATION_PREFERS_STRING_CATALOGS = YES;
				MTL_ENABLE_DEBUG_INFO = NO;
				MTL_FAST_MATH = YES;
				SDKROOT = iphoneos;
				SWIFT_COMPILATION_MODE = wholemodule;
				VALIDATE_PRODUCT = YES;
			};
			name = Release;
		};
		63F930F62B30A785000FEDE3 /* Debug */ = {
			isa = XCBuildConfiguration;
			buildSettings = {
				ASSETCATALOG_COMPILER_APPICON_NAME = AppIcon;
				ASSETCATALOG_COMPILER_GLOBAL_ACCENT_COLOR_NAME = AccentColor;
				CODE_SIGN_STYLE = Automatic;
				CURRENT_PROJECT_VERSION = 1;
				DEVELOPMENT_ASSET_PATHS = "\"Scrumdinger/Preview Content\"";
				DEVELOPMENT_TEAM = 4GT4BFW9QG;
				ENABLE_PREVIEWS = YES;
				GENERATE_INFOPLIST_FILE = YES;
				INFOPLIST_KEY_UIApplicationSceneManifest_Generation = YES;
				INFOPLIST_KEY_UIApplicationSupportsIndirectInputEvents = YES;
				INFOPLIST_KEY_UILaunchScreen_Generation = YES;
				INFOPLIST_KEY_UISupportedInterfaceOrientations_iPad = "UIInterfaceOrientationPortrait UIInterfaceOrientationPortraitUpsideDown UIInterfaceOrientationLandscapeLeft UIInterfaceOrientationLandscapeRight";
				INFOPLIST_KEY_UISupportedInterfaceOrientations_iPhone = "UIInterfaceOrientationPortrait UIInterfaceOrientationLandscapeLeft UIInterfaceOrientationLandscapeRight";
				LD_RUNPATH_SEARCH_PATHS = (
					"$(inherited)",
					"@executable_path/Frameworks",
				);
				MARKETING_VERSION = 1.0;
				PRODUCT_BUNDLE_IDENTIFIER = shehab.org.Scrumdinger;
				PRODUCT_NAME = "$(TARGET_NAME)";
				SWIFT_EMIT_LOC_STRINGS = YES;
				SWIFT_VERSION = 5.0;
				TARGETED_DEVICE_FAMILY = "1,2";
			};
			name = Debug;
		};
		63F930F72B30A785000FEDE3 /* Release */ = {
			isa = XCBuildConfiguration;
			buildSettings = {
				ASSETCATALOG_COMPILER_APPICON_NAME = AppIcon;
				ASSETCATALOG_COMPILER_GLOBAL_ACCENT_COLOR_NAME = AccentColor;
				CODE_SIGN_STYLE = Automatic;
				CURRENT_PROJECT_VERSION = 1;
				DEVELOPMENT_ASSET_PATHS = "\"Scrumdinger/Preview Content\"";
				DEVELOPMENT_TEAM = 4GT4BFW9QG;
				ENABLE_PREVIEWS = YES;
				GENERATE_INFOPLIST_FILE = YES;
				INFOPLIST_KEY_UIApplicationSceneManifest_Generation = YES;
				INFOPLIST_KEY_UIApplicationSupportsIndirectInputEvents = YES;
				INFOPLIST_KEY_UILaunchScreen_Generation = YES;
				INFOPLIST_KEY_UISupportedInterfaceOrientations_iPad = "UIInterfaceOrientationPortrait UIInterfaceOrientationPortraitUpsideDown UIInterfaceOrientationLandscapeLeft UIInterfaceOrientationLandscapeRight";
				INFOPLIST_KEY_UISupportedInterfaceOrientations_iPhone = "UIInterfaceOrientationPortrait UIInterfaceOrientationLandscapeLeft UIInterfaceOrientationLandscapeRight";
				LD_RUNPATH_SEARCH_PATHS = (
					"$(inherited)",
					"@executable_path/Frameworks",
				);
				MARKETING_VERSION = 1.0;
				PRODUCT_BUNDLE_IDENTIFIER = shehab.org.Scrumdinger;
				PRODUCT_NAME = "$(TARGET_NAME)";
				SWIFT_EMIT_LOC_STRINGS = YES;
				SWIFT_VERSION = 5.0;
				TARGETED_DEVICE_FAMILY = "1,2";
			};
			name = Release;
		};
/* End XCBuildConfiguration section */

/* Begin XCConfigurationList section */
		63F930E22B30A781000FEDE3 /* Build configuration list for PBXProject "Scrumdinger" */ = {
			isa = XCConfigurationList;
			buildConfigurations = (
				63F930F32B30A785000FEDE3 /* Debug */,
				63F930F42B30A785000FEDE3 /* Release */,
			);
			defaultConfigurationIsVisible = 0;
			defaultConfigurationName = Release;
		};
		63F930F52B30A785000FEDE3 /* Build configuration list for PBXNativeTarget "Scrumdinger" */ = {
			isa = XCConfigurationList;
			buildConfigurations = (
				63F930F62B30A785000FEDE3 /* Debug */,
				63F930F72B30A785000FEDE3 /* Release */,
			);
			defaultConfigurationIsVisible = 0;
			defaultConfigurationName = Release;
		};
/* End XCConfigurationList section */
	};
	rootObject = 63F930DF2B30A781000FEDE3 /* Project object */;
}
